
Microsoft Visual Studio Solution File, Format Version 12.00
# Visual Studio Version 17
VisualStudioVersion = 17.14.36603.0 d17.14
MinimumVisualStudioVersion = 10.0.40219.1
Project("{FAE04EC0-301F-11D3-BF4B-00C04F79EFBC}") = "Stok", "Stok\Stok.csproj", "{34359FBC-9514-4640-BF7A-3B5F94875974}"
EndProject
Global
	GlobalSection(SolutionConfigurationPlatforms) = preSolution
		Debug|Any CPU = Debug|Any CPU
		Release|Any CPU = Release|Any CPU
	EndGlobalSection
	GlobalSection(ProjectConfigurationPlatforms) = postSolution
		{34359FBC-9514-4640-BF7A-3B5F94875974}.Debug|Any CPU.ActiveCfg = Debug|Any CPU
		{34359FBC-9514-4640-BF7A-3B5F94875974}.Debug|Any CPU.Build.0 = Debug|Any CPU
		{34359FBC-9514-4640-BF7A-3B5F94875974}.Release|Any CPU.ActiveCfg = Release|Any CPU
		{34359FBC-9514-4640-BF7A-3B5F94875974}.Release|Any CPU.Build.0 = Release|Any CPU
	EndGlobalSection
	GlobalSection(SolutionProperties) = preSolution
		HideSolutionNode = FALSE
	EndGlobalSection
	GlobalSection(ExtensibilityGlobals) = postSolution
		SolutionGuid = {B0E0E6B9-68DB-4CB8-A7EE-E71E936A5499}
	EndGlobalSection
EndGlobal
